// !$*UTF8*$!
{
	archiveVersion = 1;
	classes = {
	};
	objectVersion = 50;
	objects = {

/* Begin PBXBuildFile section */
		EE498A6923D78AD40030E22C /* AppDelegate.swift in Sources */ = {isa = PBXBuildFile; fileRef = EE498A6823D78AD40030E22C /* AppDelegate.swift */; };
		EE498A6B23D78AD40030E22C /* SceneDelegate.swift in Sources */ = {isa = PBXBuildFile; fileRef = EE498A6A23D78AD40030E22C /* SceneDelegate.swift */; };
		EE498A6D23D78AD40030E22C /* ViewController.swift in Sources */ = {isa = PBXBuildFile; fileRef = EE498A6C23D78AD40030E22C /* ViewController.swift */; };
		EE498A7023D78AD40030E22C /* Main.storyboard in Resources */ = {isa = PBXBuildFile; fileRef = EE498A6E23D78AD40030E22C /* Main.storyboard */; };
		EE498A7223D78AD70030E22C /* Assets.xcassets in Resources */ = {isa = PBXBuildFile; fileRef = EE498A7123D78AD70030E22C /* Assets.xcassets */; };
		EE498A7523D78AD70030E22C /* LaunchScreen.storyboard in Resources */ = {isa = PBXBuildFile; fileRef = EE498A7323D78AD70030E22C /* LaunchScreen.storyboard */; };
		EEB55EFA23DA30F200E674F1 /* rolldice.mp3 in Resources */ = {isa = PBXBuildFile; fileRef = EEB55EF623DA30F200E674F1 /* rolldice.mp3 */; };
		EEB55EFB23DA30F200E674F1 /* zfanfare.mp3 in Resources */ = {isa = PBXBuildFile; fileRef = EEB55EF723DA30F200E674F1 /* zfanfare.mp3 */; };
		EEB55EFC23DA30F200E674F1 /* torpedo.mp3 in Resources */ = {isa = PBXBuildFile; fileRef = EEB55EF823DA30F200E674F1 /* torpedo.mp3 */; };
		EEB55EFD23DA30F200E674F1 /* failwah.mp3 in Resources */ = {isa = PBXBuildFile; fileRef = EEB55EF923DA30F200E674F1 /* failwah.mp3 */; };
/* End PBXBuildFile section */

/* Begin PBXFileReference section */
		EE498A6523D78AD40030E22C /* D20ForNoobs.app */ = {isa = PBXFileReference; explicitFileType = wrapper.application; includeInIndex = 0; path = D20ForNoobs.app; sourceTree = BUILT_PRODUCTS_DIR; };
		EE498A6823D78AD40030E22C /* AppDelegate.swift */ = {isa = PBXFileReference; lastKnownFileType = sourcecode.swift; path = AppDelegate.swift; sourceTree = "<group>"; };
		EE498A6A23D78AD40030E22C /* SceneDelegate.swift */ = {isa = PBXFileReference; lastKnownFileType = sourcecode.swift; path = SceneDelegate.swift; sourceTree = "<group>"; };
		EE498A6C23D78AD40030E22C /* ViewController.swift */ = {isa = PBXFileReference; lastKnownFileType = sourcecode.swift; path = ViewController.swift; sourceTree = "<group>"; };
		EE498A6F23D78AD40030E22C /* Base */ = {isa = PBXFileReference; lastKnownFileType = file.storyboard; name = Base; path = Base.lproj/Main.storyboard; sourceTree = "<group>"; };
		EE498A7123D78AD70030E22C /* Assets.xcassets */ = {isa = PBXFileReference; lastKnownFileType = folder.assetcatalog; path = Assets.xcassets; sourceTree = "<group>"; };
		EE498A7423D78AD70030E22C /* Base */ = {isa = PBXFileReference; lastKnownFileType = file.storyboard; name = Base; path = Base.lproj/LaunchScreen.storyboard; sourceTree = "<group>"; };
		EE498A7623D78AD70030E22C /* Info.plist */ = {isa = PBXFileReference; lastKnownFileType = text.plist.xml; path = Info.plist; sourceTree = "<group>"; };
		EEB55EF623DA30F200E674F1 /* rolldice.mp3 */ = {isa = PBXFileReference; lastKnownFileType = audio.mp3; path = rolldice.mp3; sourceTree = "<group>"; };
		EEB55EF723DA30F200E674F1 /* zfanfare.mp3 */ = {isa = PBXFileReference; lastKnownFileType = audio.mp3; path = zfanfare.mp3; sourceTree = "<group>"; };
		EEB55EF823DA30F200E674F1 /* torpedo.mp3 */ = {isa = PBXFileReference; lastKnownFileType = audio.mp3; path = torpedo.mp3; sourceTree = "<group>"; };
		EEB55EF923DA30F200E674F1 /* failwah.mp3 */ = {isa = PBXFileReference; lastKnownFileType = audio.mp3; path = failwah.mp3; sourceTree = "<group>"; };
/* End PBXFileReference section */

/* Begin PBXFrameworksBuildPhase section */
		EE498A6223D78AD30030E22C /* Frameworks */ = {
			isa = PBXFrameworksBuildPhase;
			buildActionMask = 2147483647;
			files = (
			);
			runOnlyForDeploymentPostprocessing = 0;
		};
/* End PBXFrameworksBuildPhase section */

/* Begin PBXGroup section */
		EE498A5C23D78AD30030E22C = {
			isa = PBXGroup;
			children = (
				EE498A6723D78AD40030E22C /* D20ForNoobs */,
				EE498A6623D78AD40030E22C /* Products */,
			);
			sourceTree = "<group>";
		};
		EE498A6623D78AD40030E22C /* Products */ = {
			isa = PBXGroup;
			children = (
				EE498A6523D78AD40030E22C /* D20ForNoobs.app */,
			);
			name = Products;
			sourceTree = "<group>";
		};
		EE498A6723D78AD40030E22C /* D20ForNoobs */ = {
			isa = PBXGroup;
			children = (
				EEB55EF523DA30A200E674F1 /* soundfikes */,
				EE498A6823D78AD40030E22C /* AppDelegate.swift */,
				EE498A6A23D78AD40030E22C /* SceneDelegate.swift */,
				EE498A6C23D78AD40030E22C /* ViewController.swift */,
				EE498A6E23D78AD40030E22C /* Main.storyboard */,
				EE498A7123D78AD70030E22C /* Assets.xcassets */,
				EE498A7323D78AD70030E22C /* LaunchScreen.storyboard */,
				EE498A7623D78AD70030E22C /* Info.plist */,
			);
			path = D20ForNoobs;
			sourceTree = "<group>";
		};
		EEB55EF523DA30A200E674F1 /* soundfikes */ = {
			isa = PBXGroup;
			children = (
				EEB55EF923DA30F200E674F1 /* failwah.mp3 */,
				EEB55EF623DA30F200E674F1 /* rolldice.mp3 */,
				EEB55EF823DA30F200E674F1 /* torpedo.mp3 */,
				EEB55EF723DA30F200E674F1 /* zfanfare.mp3 */,
			);
			path = soundfikes;
			sourceTree = "<group>";
		};
/* End PBXGroup section */

/* Begin PBXNativeTarget section */
		EE498A6423D78AD30030E22C /* D20ForNoobs */ = {
			isa = PBXNativeTarget;
			buildConfigurationList = EE498A7923D78AD70030E22C /* Build configuration list for PBXNativeTarget "D20ForNoobs" */;
			buildPhases = (
				EE498A6123D78AD30030E22C /* Sources */,
				EE498A6223D78AD30030E22C /* Frameworks */,
				EE498A6323D78AD30030E22C /* Resources */,
			);
			buildRules = (
			);
			dependencies = (
			);
			name = D20ForNoobs;
			productName = D20ForNoobs;
			productReference = EE498A6523D78AD40030E22C /* D20ForNoobs.app */;
			productType = "com.apple.product-type.application";
		};
/* End PBXNativeTarget section */

/* Begin PBXProject section */
		EE498A5D23D78AD30030E22C /* Project object */ = {
			isa = PBXProject;
			attributes = {
				LastSwiftUpdateCheck = 1130;
				LastUpgradeCheck = 1130;
				ORGANIZATIONNAME = "Miranda Ramirez";
				TargetAttributes = {
					EE498A6423D78AD30030E22C = {
						CreatedOnToolsVersion = 11.3.1;
					};
				};
			};
			buildConfigurationList = EE498A6023D78AD30030E22C /* Build configuration list for PBXProject "D20ForNoobs" */;
			compatibilityVersion = "Xcode 9.3";
			developmentRegion = en;
			hasScannedForEncodings = 0;
			knownRegions = (
				en,
				Base,
			);
			mainGroup = EE498A5C23D78AD30030E22C;
			productRefGroup = EE498A6623D78AD40030E22C /* Products */;
			projectDirPath = "";
			projectRoot = "";
			targets = (
				EE498A6423D78AD30030E22C /* D20ForNoobs */,
			);
		};
/* End PBXProject section */

/* Begin PBXResourcesBuildPhase section */
		EE498A6323D78AD30030E22C /* Resources */ = {
			isa = PBXResourcesBuildPhase;
			buildActionMask = 2147483647;
			files = (
				EEB55EFA23DA30F200E674F1 /* rolldice.mp3 in Resources */,
				EEB55EFB23DA30F200E674F1 /* zfanfare.mp3 in Resources */,
				EE498A7523D78AD70030E22C /* LaunchScreen.storyboard in Resources */,
				EEB55EFD23DA30F200E674F1 /* failwah.mp3 in Resources */,
				EE498A7223D78AD70030E22C /* Assets.xcassets in Resources */,
				EEB55EFC23DA30F200E674F1 /* torpedo.mp3 in Resources */,
				EE498A7023D78AD40030E22C /* Main.storyboard in Resources */,
			);
			runOnlyForDeploymentPostprocessing = 0;
		};
/* End PBXResourcesBuildPhase section */

/* Begin PBXSourcesBuildPhase section */
		EE498A6123D78AD30030E22C /* Sources */ = {
			isa = PBXSourcesBuildPhase;
			buildActionMask = 2147483647;
			files = (
				EE498A6D23D78AD40030E22C /* ViewController.swift in Sources */,
				EE498A6923D78AD40030E22C /* AppDelegate.swift in Sources */,
				EE498A6B23D78AD40030E22C /* SceneDelegate.swift in Sources */,
			);
			runOnlyForDeploymentPostprocessing = 0;
		};
/* End PBXSourcesBuildPhase section */

/* Begin PBXVariantGroup section */
		EE498A6E23D78AD40030E22C /* Main.storyboard */ = {
			isa = PBXVariantGroup;
			children = (
				EE498A6F23D78AD40030E22C /* Base */,
			);
			name = Main.storyboard;
			sourceTree = "<group>";
		};
		EE498A7323D78AD70030E22C /* LaunchScreen.storyboard */ = {
			isa = PBXVariantGroup;
			children = (
				EE498A7423D78AD70030E22C /* Base */,
			);
			name = LaunchScreen.storyboard;
			sourceTree = "<group>";
		};
/* End PBXVariantGroup section */

/* Begin XCBuildConfiguration section */
		EE498A7723D78AD70030E22C /* Debug */ = {
			isa = XCBuildConfiguration;
			buildSettings = {
				ALWAYS_SEARCH_USER_PATHS = NO;
				CLANG_ANALYZER_NONNULL = YES;
				CLANG_ANALYZER_NUMBER_OBJECT_CONVERSION = YES_AGGRESSIVE;
				CLANG_CXX_LANGUAGE_STANDARD = "gnu++14";
				CLANG_CXX_LIBRARY = "libc++";
				CLANG_ENABLE_MODULES = YES;
				CLANG_ENABLE_OBJC_ARC = YES;
				CLANG_ENABLE_OBJC_WEAK = YES;
				CLANG_WARN_BLOCK_CAPTURE_AUTORELEASING = YES;
				CLANG_WARN_BOOL_CONVERSION = YES;
				CLANG_WARN_COMMA = YES;
				CLANG_WARN_CONSTANT_CONVERSION = YES;
				CLANG_WARN_DEPRECATED_OBJC_IMPLEMENTATIONS = YES;
				CLANG_WARN_DIRECT_OBJC_ISA_USAGE = YES_ERROR;
				CLANG_WARN_DOCUMENTATION_COMMENTS = YES;
				CLANG_WARN_EMPTY_BODY = YES;
				CLANG_WARN_ENUM_CONVERSION = YES;
				CLANG_WARN_INFINITE_RECURSION = YES;
				CLANG_WARN_INT_CONVERSION = YES;
				CLANG_WARN_NON_LITERAL_NULL_CONVERSION = YES;
				CLANG_WARN_OBJC_IMPLICIT_RETAIN_SELF = YES;
				CLANG_WARN_OBJC_LITERAL_CONVERSION = YES;
				CLANG_WARN_OBJC_ROOT_CLASS = YES_ERROR;
				CLANG_WARN_RANGE_LOOP_ANALYSIS = YES;
				CLANG_WARN_STRICT_PROTOTYPES = YES;
				CLANG_WARN_SUSPICIOUS_MOVE = YES;
				CLANG_WARN_UNGUARDED_AVAILABILITY = YES_AGGRESSIVE;
				CLANG_WARN_UNREACHABLE_CODE = YES;
				CLANG_WARN__DUPLICATE_METHOD_MATCH = YES;
				COPY_PHASE_STRIP = NO;
				DEBUG_INFORMATION_FORMAT = dwarf;
				ENABLE_STRICT_OBJC_MSGSEND = YES;
				ENABLE_TESTABILITY = YES;
				GCC_C_LANGUAGE_STANDARD = gnu11;
				GCC_DYNAMIC_NO_PIC = NO;
				GCC_NO_COMMON_BLOCKS = YES;
				GCC_OPTIMIZATION_LEVEL = 0;
				GCC_PREPROCESSOR_DEFINITIONS = (
					"DEBUG=1",
					"$(inherited)",
				);
				GCC_WARN_64_TO_32_BIT_CONVERSION = YES;
				GCC_WARN_ABOUT_RETURN_TYPE = YES_ERROR;
				GCC_WARN_UNDECLARED_SELECTOR = YES;
				GCC_WARN_UNINITIALIZED_AUTOS = YES_AGGRESSIVE;
				GCC_WARN_UNUSED_FUNCTION = YES;
				GCC_WARN_UNUSED_VARIABLE = YES;
				IPHONEOS_DEPLOYMENT_TARGET = 13.2;
				MTL_ENABLE_DEBUG_INFO = INCLUDE_SOURCE;
				MTL_FAST_MATH = YES;
				ONLY_ACTIVE_ARCH = YES;
				SDKROOT = iphoneos;
				SWIFT_ACTIVE_COMPILATION_CONDITIONS = DEBUG;
				SWIFT_OPTIMIZATION_LEVEL = "-Onone";
			};
			name = Debug;
		};
		EE498A7823D78AD70030E22C /* Release */ = {
			isa = XCBuildConfiguration;
			buildSettings = {
				ALWAYS_SEARCH_USER_PATHS = NO;
				CLANG_ANALYZER_NONNULL = YES;
				CLANG_ANALYZER_NUMBER_OBJECT_CONVERSION = YES_AGGRESSIVE;
				CLANG_CXX_LANGUAGE_STANDARD = "gnu++14";
				CLANG_CXX_LIBRARY = "libc++";
				CLANG_ENABLE_MODULES = YES;
				CLANG_ENABLE_OBJC_ARC = YES;
				CLANG_ENABLE_OBJC_WEAK = YES;
				CLANG_WARN_BLOCK_CAPTURE_AUTORELEASING = YES;
				CLANG_WARN_BOOL_CONVERSION = YES;
				CLANG_WARN_COMMA = YES;
				CLANG_WARN_CONSTANT_CONVERSION = YES;
				CLANG_WARN_DEPRECATED_OBJC_IMPLEMENTATIONS = YES;
				CLANG_WARN_DIRECT_OBJC_ISA_USAGE = YES_ERROR;
				CLANG_WARN_DOCUMENTATION_COMMENTS = YES;
				CLANG_WARN_EMPTY_BODY = YES;
				CLANG_WARN_ENUM_CONVERSION = YES;
				CLANG_WARN_INFINITE_RECURSION = YES;
				CLANG_WARN_INT_CONVERSION = YES;
				CLANG_WARN_NON_LITERAL_NULL_CONVERSION = YES;
				CLANG_WARN_OBJC_IMPLICIT_RETAIN_SELF = YES;
				CLANG_WARN_OBJC_LITERAL_CONVERSION = YES;
				CLANG_WARN_OBJC_ROOT_CLASS = YES_ERROR;
				CLANG_WARN_RANGE_LOOP_ANALYSIS = YES;
				CLANG_WARN_STRICT_PROTOTYPES = YES;
				CLANG_WARN_SUSPICIOUS_MOVE = YES;
				CLANG_WARN_UNGUARDED_AVAILABILITY = YES_AGGRESSIVE;
				CLANG_WARN_UNREACHABLE_CODE = YES;
				CLANG_WARN__DUPLICATE_METHOD_MATCH = YES;
				COPY_PHASE_STRIP = NO;
				DEBUG_INFORMATION_FORMAT = "dwarf-with-dsym";
				ENABLE_NS_ASSERTIONS = NO;
				ENABLE_STRICT_OBJC_MSGSEND = YES;
				GCC_C_LANGUAGE_STANDARD = gnu11;
				GCC_NO_COMMON_BLOCKS = YES;
				GCC_WARN_64_TO_32_BIT_CONVERSION = YES;
				GCC_WARN_ABOUT_RETURN_TYPE = YES_ERROR;
				GCC_WARN_UNDECLARED_SELECTOR = YES;
				GCC_WARN_UNINITIALIZED_AUTOS = YES_AGGRESSIVE;
				GCC_WARN_UNUSED_FUNCTION = YES;
				GCC_WARN_UNUSED_VARIABLE = YES;
				IPHONEOS_DEPLOYMENT_TARGET = 13.2;
				MTL_ENABLE_DEBUG_INFO = NO;
				MTL_FAST_MATH = YES;
				SDKROOT = iphoneos;
				SWIFT_COMPILATION_MODE = wholemodule;
				SWIFT_OPTIMIZATION_LEVEL = "-O";
				VALIDATE_PRODUCT = YES;
			};
			name = Release;
		};
		EE498A7A23D78AD70030E22C /* Debug */ = {
			isa = XCBuildConfiguration;
			buildSettings = {
				ASSETCATALOG_COMPILER_APPICON_NAME = AppIcon;
				CODE_SIGN_STYLE = Automatic;
				INFOPLIST_FILE = D20ForNoobs/Info.plist;
				LD_RUNPATH_SEARCH_PATHS = (
					"$(inherited)",
					"@executable_path/Frameworks",
				);
				PRODUCT_BUNDLE_IDENTIFIER = edu.acu.cs316.D20ForNoobs;
				PRODUCT_NAME = "$(TARGET_NAME)";
				SWIFT_VERSION = 5.0;
				TARGETED_DEVICE_FAMILY = "1,2";
			};
			name = Debug;
		};
		EE498A7B23D78AD70030E22C /* Release */ = {
			isa = XCBuildConfiguration;
			buildSettings = {
				ASSETCATALOG_COMPILER_APPICON_NAME = AppIcon;
				CODE_SIGN_STYLE = Automatic;
				INFOPLIST_FILE = D20ForNoobs/Info.plist;
				LD_RUNPATH_SEARCH_PATHS = (
					"$(inherited)",
					"@executable_path/Frameworks",
				);
				PRODUCT_BUNDLE_IDENTIFIER = edu.acu.cs316.D20ForNoobs;
				PRODUCT_NAME = "$(TARGET_NAME)";
				SWIFT_VERSION = 5.0;
				TARGETED_DEVICE_FAMILY = "1,2";
			};
			name = Release;
		};
/* End XCBuildConfiguration section */

/* Begin XCConfigurationList section */
		EE498A6023D78AD30030E22C /* Build configuration list for PBXProject "D20ForNoobs" */ = {
			isa = XCConfigurationList;
			buildConfigurations = (
				EE498A7723D78AD70030E22C /* Debug */,
				EE498A7823D78AD70030E22C /* Release */,
			);
			defaultConfigurationIsVisible = 0;
			defaultConfigurationName = Release;
		};
		EE498A7923D78AD70030E22C /* Build configuration list for PBXNativeTarget "D20ForNoobs" */ = {
			isa = XCConfigurationList;
			buildConfigurations = (
				EE498A7A23D78AD70030E22C /* Debug */,
				EE498A7B23D78AD70030E22C /* Release */,
			);
			defaultConfigurationIsVisible = 0;
			defaultConfigurationName = Release;
		};
/* End XCConfigurationList section */
	};
	rootObject = EE498A5D23D78AD30030E22C /* Project object */;
}
